
Microsoft Visual Studio Solution File, Format Version 9.00
# Visual Basic Express 2005
Project("{F184B08F-C81C-45F6-A57F-5ABD9991F28F}") = "First VB.NET Application", "First VB.NET Application\First VB.NET Application.vbproj", "{2AC0690B-501C-4D39-980C-C664F3EADC68}"
EndProject
Global
	GlobalSection(SolutionConfigurationPlatforms) = preSolution
		Debug|Any CPU = Debug|Any CPU
		Release|Any CPU = Release|Any CPU
	EndGlobalSection
	GlobalSection(ProjectConfigurationPlatforms) = postSolution
		{2AC0690B-501C-4D39-980C-C664F3EADC68}.Debug|Any CPU.ActiveCfg = Debug|Any CPU
		{2AC0690B-501C-4D39-980C-C664F3EADC68}.Debug|Any CPU.Build.0 = Debug|Any CPU
		{2AC0690B-501C-4D39-980C-C664F3EADC68}.Release|Any CPU.ActiveCfg = Release|Any CPU
		{2AC0690B-501C-4D39-980C-C664F3EADC68}.Release|Any CPU.Build.0 = Release|Any CPU
	EndGlobalSection
	GlobalSection(SolutionProperties) = preSolution
		HideSolutionNode = FALSE
	EndGlobalSection
EndGlobal
